
Microsoft Visual Studio Solution File, Format Version 12.00
# Visual Studio Version 16
VisualStudioVersion = 16.0.31105.61
MinimumVisualStudioVersion = 10.0.40219.1
Project("{9A19103F-16F7-4668-BE54-9A1E7A4F7556}") = "ReservationManager", "ReservationManager.csproj", "{4E0BC07C-114F-4CEE-B5AC-75BE41240A9B}"
EndProject
Global
	GlobalSection(SolutionConfigurationPlatforms) = preSolution
		Debug|Any CPU = Debug|Any CPU
		Release|Any CPU = Release|Any CPU
	EndGlobalSection
	GlobalSection(ProjectConfigurationPlatforms) = postSolution
		{4E0BC07C-114F-4CEE-B5AC-75BE41240A9B}.Debug|Any CPU.ActiveCfg = Debug|Any CPU
		{4E0BC07C-114F-4CEE-B5AC-75BE41240A9B}.Debug|Any CPU.Build.0 = Debug|Any CPU
		{4E0BC07C-114F-4CEE-B5AC-75BE41240A9B}.Release|Any CPU.ActiveCfg = Release|Any CPU
		{4E0BC07C-114F-4CEE-B5AC-75BE41240A9B}.Release|Any CPU.Build.0 = Release|Any CPU
	EndGlobalSection
	GlobalSection(SolutionProperties) = preSolution
		HideSolutionNode = FALSE
	EndGlobalSection
	GlobalSection(ExtensibilityGlobals) = postSolution
		SolutionGuid = {C7218DE4-537B-4AEE-99FF-1F9C1A1D09F6}
	EndGlobalSection
EndGlobal
